<?xml version="1.0"?>
<CONFIG>
  <ProjectOptions>
    <Version Value="9"/>
    <PathDelim Value="\"/>
    <General>
      <MainUnit Value="0"/>
      <UseXPManifest Value="True"/>
      <Icon Value="0"/>
      <ActiveWindowIndexAtStart Value="0"/>
    </General>
    <VersionInfo>
      <Language Value=""/>
      <CharSet Value=""/>
      <StringTable ProductVersion=""/>
    </VersionInfo>
    <BuildModes Count="1">
      <Item1 Name="default" Default="True"/>
    </BuildModes>
    <PublishOptions>
      <Version Value="2"/>
      <IgnoreBinaries Value="False"/>
      <IncludeFileFilter Value="*.(pas|pp|inc|lfm|lpr|lrs|lpi|lpk|sh|xml)"/>
      <ExcludeFileFilter Value="*.(bak|ppu|ppw|o|so);*~;backup"/>
    </PublishOptions>
    <RunParams>
      <local>
        <FormatVersion Value="1"/>
        <LaunchingApplication PathPlusParams="/usr/X11R6/bin/xterm -T 'Lazarus Run Output' -e $(LazarusDir)/tools/runwait.sh $(TargetCmdLine)"/>
      </local>
    </RunParams>
    <RequiredPackages Count="1">
      <Item1>
        <PackageName Value="LCL"/>
      </Item1>
    </RequiredPackages>
    <Units Count="5">
      <Unit0>
        <Filename Value="main.lpr"/>
        <IsPartOfProject Value="True"/>
        <UnitName Value="main"/>
        <TopLine Value="1"/>
        <CursorPos X="1" Y="20"/>
        <UsageCount Value="21"/>
      </Unit0>
      <Unit1>
        <Filename Value="gui.pas"/>
        <IsPartOfProject Value="True"/>
        <ComponentName Value="frmMain"/>
        <ResourceBaseClass Value="Form"/>
        <UnitName Value="gui"/>
        <EditorIndex Value="0"/>
        <WindowIndex Value="0"/>
        <TopLine Value="124"/>
        <CursorPos X="6" Y="135"/>
        <UsageCount Value="21"/>
        <Loaded Value="True"/>
        <LoadedDesigner Value="True"/>
      </Unit1>
      <Unit2>
        <Filename Value="PELock.pas"/>
        <UnitName Value="PELock"/>
        <IsVisibleTab Value="True"/>
        <EditorIndex Value="1"/>
        <WindowIndex Value="0"/>
        <TopLine Value="478"/>
        <CursorPos X="76" Y="489"/>
        <UsageCount Value="10"/>
        <Loaded Value="True"/>
      </Unit2>
      <Unit3>
        <Filename Value="crypt_start.inc"/>
        <EditorIndex Value="2"/>
        <WindowIndex Value="0"/>
        <TopLine Value="1"/>
        <CursorPos X="1" Y="4"/>
        <UsageCount Value="10"/>
        <Loaded Value="True"/>
      </Unit3>
      <Unit4>
        <Filename Value="crypt_end.inc"/>
        <WindowIndex Value="0"/>
        <TopLine Value="1"/>
        <CursorPos X="5" Y="4"/>
        <UsageCount Value="10"/>
      </Unit4>
    </Units>
    <JumpHistory Count="20" HistoryIndex="19">
      <Position1>
        <Filename Value="gui.pas"/>
        <Caret Line="103" Column="8" TopLine="82"/>
      </Position1>
      <Position2>
        <Filename Value="gui.pas"/>
        <Caret Line="100" Column="6" TopLine="89"/>
      </Position2>
      <Position3>
        <Filename Value="gui.pas"/>
        <Caret Line="23" Column="18" TopLine="12"/>
      </Position3>
      <Position4>
        <Filename Value="gui.pas"/>
        <Caret Line="182" Column="1" TopLine="161"/>
      </Position4>
      <Position5>
        <Filename Value="gui.pas"/>
        <Caret Line="162" Column="10" TopLine="137"/>
      </Position5>
      <Position6>
        <Filename Value="gui.pas"/>
        <Caret Line="71" Column="4" TopLine="60"/>
      </Position6>
      <Position7>
        <Filename Value="gui.pas"/>
        <Caret Line="1" Column="1" TopLine="1"/>
      </Position7>
      <Position8>
        <Filename Value="gui.pas"/>
        <Caret Line="31" Column="23" TopLine="20"/>
      </Position8>
      <Position9>
        <Filename Value="crypt_start.inc"/>
        <Caret Line="4" Column="26" TopLine="1"/>
      </Position9>
      <Position10>
        <Filename Value="gui.pas"/>
        <Caret Line="31" Column="23" TopLine="20"/>
      </Position10>
      <Position11>
        <Filename Value="gui.pas"/>
        <Caret Line="84" Column="9" TopLine="75"/>
      </Position11>
      <Position12>
        <Filename Value="gui.pas"/>
        <Caret Line="23" Column="1" TopLine="23"/>
      </Position12>
      <Position13>
        <Filename Value="gui.pas"/>
        <Caret Line="86" Column="6" TopLine="75"/>
      </Position13>
      <Position14>
        <Filename Value="PELock.pas"/>
        <Caret Line="496" Column="37" TopLine="485"/>
      </Position14>
      <Position15>
        <Filename Value="PELock.pas"/>
        <Caret Line="411" Column="16" TopLine="377"/>
      </Position15>
      <Position16>
        <Filename Value="PELock.pas"/>
        <Caret Line="489" Column="76" TopLine="478"/>
      </Position16>
      <Position17>
        <Filename Value="PELock.pas"/>
        <Caret Line="492" Column="3" TopLine="478"/>
      </Position17>
      <Position18>
        <Filename Value="PELock.pas"/>
        <Caret Line="489" Column="37" TopLine="478"/>
      </Position18>
      <Position19>
        <Filename Value="PELock.pas"/>
        <Caret Line="406" Column="79" TopLine="395"/>
      </Position19>
      <Position20>
        <Filename Value="PELock.pas"/>
        <Caret Line="489" Column="76" TopLine="478"/>
      </Position20>
    </JumpHistory>
  </ProjectOptions>
  <CompilerOptions>
    <Version Value="9"/>
    <PathDelim Value="\"/>
    <SearchPaths>
      <IncludeFiles Value="$(ProjOutDir)"/>
    </SearchPaths>
    <Linking>
      <Options>
        <Win32>
          <GraphicApplication Value="True"/>
        </Win32>
      </Options>
    </Linking>
    <Other>
      <CompilerMessages>
        <UseMsgFile Value="True"/>
      </CompilerMessages>
      <CompilerPath Value="$(CompPath)"/>
    </Other>
  </CompilerOptions>
  <Debugging>
    <Exceptions Count="3">
      <Item1>
        <Name Value="EAbort"/>
      </Item1>
      <Item2>
        <Name Value="ECodetoolError"/>
      </Item2>
      <Item3>
        <Name Value="EFOpenError"/>
      </Item3>
    </Exceptions>
  </Debugging>
</CONFIG>
